
Microsoft Visual Studio Solution File, Format Version 12.00
# Visual Studio Version 17
VisualStudioVersion = 17.13.35931.197 d17.13
MinimumVisualStudioVersion = 10.0.40219.1
Project("{FAE04EC0-301F-11D3-BF4B-00C04F79EFBC}") = "Lab.Act.3", "Lab.Act.3.csproj", "{81057CD6-2687-4FA8-942F-A90810E137D4}"
EndProject
Global
	GlobalSection(SolutionConfigurationPlatforms) = preSolution
		Debug|Any CPU = Debug|Any CPU
		Release|Any CPU = Release|Any CPU
	EndGlobalSection
	GlobalSection(ProjectConfigurationPlatforms) = postSolution
		{81057CD6-2687-4FA8-942F-A90810E137D4}.Debug|Any CPU.ActiveCfg = Debug|Any CPU
		{81057CD6-2687-4FA8-942F-A90810E137D4}.Debug|Any CPU.Build.0 = Debug|Any CPU
		{81057CD6-2687-4FA8-942F-A90810E137D4}.Release|Any CPU.ActiveCfg = Release|Any CPU
		{81057CD6-2687-4FA8-942F-A90810E137D4}.Release|Any CPU.Build.0 = Release|Any CPU
	EndGlobalSection
	GlobalSection(SolutionProperties) = preSolution
		HideSolutionNode = FALSE
	EndGlobalSection
	GlobalSection(ExtensibilityGlobals) = postSolution
		SolutionGuid = {80D66C94-3EFC-4896-BC04-37FECEFA1AE3}
	EndGlobalSection
EndGlobal
